{
  "requires": true,
  "lockfileVersion": 1,
  "dependencies": {
    "@barba/core": {
      "version": "2.3.15",
      "resolved": "https://registry.npmjs.org/@barba/core/-/core-2.3.15.tgz",
      "integrity": "sha512-3hwPRM1dhqDGjSwcMqhAy6ekzG7QmHAPiTlStRVCxv1MOo/+t5/pN3OCUCtXWOLw7MO6BOTlyO9btqaJY77ujA==",
      "requires": {
        "path-to-regexp": "^3.0.0",
        "run-async": "^2.3.0"
      }
    },
    "is-promise": {
      "version": "2.1.0",
      "resolved": "https://registry.npmjs.org/is-promise/-/is-promise-2.1.0.tgz",
      "integrity": "sha1-eaKp7OfwlugPNtKy87wWwf9L8/o="
    },
    "path-to-regexp": {
      "version": "3.0.0",
      "resolved": "https://registry.npmjs.org/path-to-regexp/-/path-to-regexp-3.0.0.tgz",
      "integrity": "sha512-ZOtfhPttCrqp2M1PBBH4X13XlvnfhIwD7yCLx+GoGoXRPQyxGOTdQMpIzPSPKXAJT/JQrdfFrgdJOyAzvgpQ9A=="
    },
    "run-async": {
      "version": "2.3.0",
      "resolved": "https://registry.npmjs.org/run-async/-/run-async-2.3.0.tgz",
      "integrity": "sha1-A3GrSuC91yDUFm19/aZP96RFpsA=",
      "requires": {
        "is-promise": "^2.1.0"
      }
    }
  }
}
